
Microsoft Visual Studio Solution File, Format Version 12.00
# Visual Studio 15
VisualStudioVersion = 15.0.26730.15
MinimumVisualStudioVersion = 10.0.40219.1
Project("{FAE04EC0-301F-11D3-BF4B-00C04F79EFBC}") = "10-Gokspel-Uitbreiding.Wpf", "02-Gokspel-Uitbreiding.Wpf\10-Gokspel-Uitbreiding.Wpf.csproj", "{33E331F2-D07D-4BE2-91F1-F6D4C841E73E}"
EndProject
Project("{FAE04EC0-301F-11D3-BF4B-00C04F79EFBC}") = "02-Lichten.Wpf", "Lichten.Wpf\02-Lichten.Wpf.csproj", "{60983D85-6067-4722-AD0F-AA4329045806}"
EndProject
Project("{FAE04EC0-301F-11D3-BF4B-00C04F79EFBC}") = "06-PersonenZoeker.Wpf", "PersonenZoeker.Wpf\06-PersonenZoeker.Wpf.csproj", "{526F3441-B7F0-42F4-B66D-CC9E7C88CB55}"
EndProject
Project("{FAE04EC0-301F-11D3-BF4B-00C04F79EFBC}") = "01-Gokspel.Wpf", "Gokspel.Wpf\01-Gokspel.Wpf.csproj", "{321FA16E-07A0-49F2-BCF5-8D3851617791}"
EndProject
Project("{FAE04EC0-301F-11D3-BF4B-00C04F79EFBC}") = "05-Tijdstippen.Wpf", "Tijdstippen.Wpf\05-Tijdstippen.Wpf.csproj", "{E8A8DB1D-EC75-4862-A11A-03BAD17BC046}"
EndProject
Project("{FAE04EC0-301F-11D3-BF4B-00C04F79EFBC}") = "04-HTML.Wpf", "HTML.Wpf\04-HTML.Wpf.csproj", "{ABD228F8-18A2-4740-94A7-6F38A4D2DFEB}"
EndProject
Project("{FAE04EC0-301F-11D3-BF4B-00C04F79EFBC}") = "03-Sliders.Wpf", "Sliders.Wpf\03-Sliders.Wpf.csproj", "{F9E91B28-35B6-47C8-B52F-55ECB572A143}"
EndProject
Project("{FAE04EC0-301F-11D3-BF4B-00C04F79EFBC}") = "04-HTMLGetallen", "04-HTMLGetallen\04-HTMLGetallen.csproj", "{3A883FC7-4F55-473B-8DE4-F352E6D1656B}"
EndProject
Global
	GlobalSection(SolutionConfigurationPlatforms) = preSolution
		Debug|Any CPU = Debug|Any CPU
		Release|Any CPU = Release|Any CPU
	EndGlobalSection
	GlobalSection(ProjectConfigurationPlatforms) = postSolution
		{33E331F2-D07D-4BE2-91F1-F6D4C841E73E}.Debug|Any CPU.ActiveCfg = Debug|Any CPU
		{33E331F2-D07D-4BE2-91F1-F6D4C841E73E}.Debug|Any CPU.Build.0 = Debug|Any CPU
		{33E331F2-D07D-4BE2-91F1-F6D4C841E73E}.Release|Any CPU.ActiveCfg = Release|Any CPU
		{33E331F2-D07D-4BE2-91F1-F6D4C841E73E}.Release|Any CPU.Build.0 = Release|Any CPU
		{60983D85-6067-4722-AD0F-AA4329045806}.Debug|Any CPU.ActiveCfg = Debug|Any CPU
		{60983D85-6067-4722-AD0F-AA4329045806}.Debug|Any CPU.Build.0 = Debug|Any CPU
		{60983D85-6067-4722-AD0F-AA4329045806}.Release|Any CPU.ActiveCfg = Release|Any CPU
		{60983D85-6067-4722-AD0F-AA4329045806}.Release|Any CPU.Build.0 = Release|Any CPU
		{526F3441-B7F0-42F4-B66D-CC9E7C88CB55}.Debug|Any CPU.ActiveCfg = Debug|Any CPU
		{526F3441-B7F0-42F4-B66D-CC9E7C88CB55}.Debug|Any CPU.Build.0 = Debug|Any CPU
		{526F3441-B7F0-42F4-B66D-CC9E7C88CB55}.Release|Any CPU.ActiveCfg = Release|Any CPU
		{526F3441-B7F0-42F4-B66D-CC9E7C88CB55}.Release|Any CPU.Build.0 = Release|Any CPU
		{321FA16E-07A0-49F2-BCF5-8D3851617791}.Debug|Any CPU.ActiveCfg = Debug|Any CPU
		{321FA16E-07A0-49F2-BCF5-8D3851617791}.Debug|Any CPU.Build.0 = Debug|Any CPU
		{321FA16E-07A0-49F2-BCF5-8D3851617791}.Release|Any CPU.ActiveCfg = Release|Any CPU
		{321FA16E-07A0-49F2-BCF5-8D3851617791}.Release|Any CPU.Build.0 = Release|Any CPU
		{E8A8DB1D-EC75-4862-A11A-03BAD17BC046}.Debug|Any CPU.ActiveCfg = Debug|Any CPU
		{E8A8DB1D-EC75-4862-A11A-03BAD17BC046}.Debug|Any CPU.Build.0 = Debug|Any CPU
		{E8A8DB1D-EC75-4862-A11A-03BAD17BC046}.Release|Any CPU.ActiveCfg = Release|Any CPU
		{E8A8DB1D-EC75-4862-A11A-03BAD17BC046}.Release|Any CPU.Build.0 = Release|Any CPU
		{ABD228F8-18A2-4740-94A7-6F38A4D2DFEB}.Debug|Any CPU.ActiveCfg = Debug|Any CPU
		{ABD228F8-18A2-4740-94A7-6F38A4D2DFEB}.Debug|Any CPU.Build.0 = Debug|Any CPU
		{ABD228F8-18A2-4740-94A7-6F38A4D2DFEB}.Release|Any CPU.ActiveCfg = Release|Any CPU
		{ABD228F8-18A2-4740-94A7-6F38A4D2DFEB}.Release|Any CPU.Build.0 = Release|Any CPU
		{F9E91B28-35B6-47C8-B52F-55ECB572A143}.Debug|Any CPU.ActiveCfg = Debug|Any CPU
		{F9E91B28-35B6-47C8-B52F-55ECB572A143}.Debug|Any CPU.Build.0 = Debug|Any CPU
		{F9E91B28-35B6-47C8-B52F-55ECB572A143}.Release|Any CPU.ActiveCfg = Release|Any CPU
		{F9E91B28-35B6-47C8-B52F-55ECB572A143}.Release|Any CPU.Build.0 = Release|Any CPU
		{3A883FC7-4F55-473B-8DE4-F352E6D1656B}.Debug|Any CPU.ActiveCfg = Debug|Any CPU
		{3A883FC7-4F55-473B-8DE4-F352E6D1656B}.Debug|Any CPU.Build.0 = Debug|Any CPU
		{3A883FC7-4F55-473B-8DE4-F352E6D1656B}.Release|Any CPU.ActiveCfg = Release|Any CPU
		{3A883FC7-4F55-473B-8DE4-F352E6D1656B}.Release|Any CPU.Build.0 = Release|Any CPU
	EndGlobalSection
	GlobalSection(SolutionProperties) = preSolution
		HideSolutionNode = FALSE
	EndGlobalSection
	GlobalSection(ExtensibilityGlobals) = postSolution
		SolutionGuid = {B97157AF-91AC-4149-91D2-45E5C82C4222}
	EndGlobalSection
EndGlobal
